
Microsoft Visual Studio Solution File, Format Version 12.00
# Visual Studio Version 16
VisualStudioVersion = 16.0.29728.190
MinimumVisualStudioVersion = 10.0.40219.1
Project("{FAE04EC0-301F-11D3-BF4B-00C04F79EFBC}") = "SMSProject", "SMSProject\SMSProject.csproj", "{352D3C43-4063-4935-98EA-10A6112DFA98}"
EndProject
Global
	GlobalSection(SolutionConfigurationPlatforms) = preSolution
		Debug|Any CPU = Debug|Any CPU
		Release|Any CPU = Release|Any CPU
	EndGlobalSection
	GlobalSection(ProjectConfigurationPlatforms) = postSolution
		{352D3C43-4063-4935-98EA-10A6112DFA98}.Debug|Any CPU.ActiveCfg = Debug|Any CPU
		{352D3C43-4063-4935-98EA-10A6112DFA98}.Debug|Any CPU.Build.0 = Debug|Any CPU
		{352D3C43-4063-4935-98EA-10A6112DFA98}.Release|Any CPU.ActiveCfg = Release|Any CPU
		{352D3C43-4063-4935-98EA-10A6112DFA98}.Release|Any CPU.Build.0 = Release|Any CPU
	EndGlobalSection
	GlobalSection(SolutionProperties) = preSolution
		HideSolutionNode = FALSE
	EndGlobalSection
	GlobalSection(ExtensibilityGlobals) = postSolution
		SolutionGuid = {8953134E-99A2-472E-896E-A699D91D9C94}
	EndGlobalSection
EndGlobal
